// !$*UTF8*$!
{
	archiveVersion = 1;
	classes = {
	};
	objectVersion = 54;
	objects = {

/* Begin PBXBuildFile section */
		1441D16527D969985044315E /* CiaoSampleApp.swift in Sources */ = {isa = PBXBuildFile; fileRef = 7CF02D68008443F18278BC6A /* CiaoSampleApp.swift */; };
		5ECBC7EB08AC10A515215A22 /* SampleModel.swift in Sources */ = {isa = PBXBuildFile; fileRef = 6888FBB1B3680E871CF18E01 /* SampleModel.swift */; };
		69266112834C15A549F2FB51 /* ContentView.swift in Sources */ = {isa = PBXBuildFile; fileRef = F398C5428744E1003D0553E9 /* ContentView.swift */; };
		8A99CE506BAB1BCB48BCDC22 /* Ciao in Frameworks */ = {isa = PBXBuildFile; productRef = 76034D3BEF6804065774E9C1 /* Ciao */; };
		A004D4C83086E21E9A594C59 /* CiaoSampleApp.swift in Sources */ = {isa = PBXBuildFile; fileRef = 7CF02D68008443F18278BC6A /* CiaoSampleApp.swift */; };
		A5802072DA39138F995B7645 /* Ciao in Frameworks */ = {isa = PBXBuildFile; productRef = 4F4451073C93847BAE04C593 /* Ciao */; };
		BBD822F0FA4147076F91FB80 /* SampleModel.swift in Sources */ = {isa = PBXBuildFile; fileRef = 6888FBB1B3680E871CF18E01 /* SampleModel.swift */; };
		DCDDC3EE7434A13FA1E245E7 /* ContentView.swift in Sources */ = {isa = PBXBuildFile; fileRef = F398C5428744E1003D0553E9 /* ContentView.swift */; };
/* End PBXBuildFile section */

/* Begin PBXFileReference section */
		1CB6A11A94F1C989571AD73F /* CiaoSample_macOS.app */ = {isa = PBXFileReference; explicitFileType = wrapper.application; includeInIndex = 0; path = CiaoSample_macOS.app; sourceTree = BUILT_PRODUCTS_DIR; };
		6888FBB1B3680E871CF18E01 /* SampleModel.swift */ = {isa = PBXFileReference; lastKnownFileType = sourcecode.swift; path = SampleModel.swift; sourceTree = "<group>"; };
		7CF02D68008443F18278BC6A /* CiaoSampleApp.swift */ = {isa = PBXFileReference; lastKnownFileType = sourcecode.swift; path = CiaoSampleApp.swift; sourceTree = "<group>"; };
		E1BF27A3F1DF4CFF32D3A1A6 /* CiaoSample_iOS.app */ = {isa = PBXFileReference; includeInIndex = 0; lastKnownFileType = wrapper.application; path = CiaoSample_iOS.app; sourceTree = BUILT_PRODUCTS_DIR; };
		F398C5428744E1003D0553E9 /* ContentView.swift */ = {isa = PBXFileReference; lastKnownFileType = sourcecode.swift; path = ContentView.swift; sourceTree = "<group>"; };
		FE25C7C3E23123CEEF18BD59 /* Ciao */ = {isa = PBXFileReference; lastKnownFileType = folder; name = Ciao; path = ..; sourceTree = SOURCE_ROOT; };
/* End PBXFileReference section */

/* Begin PBXFrameworksBuildPhase section */
		3B0A9EA3EBFB4968B8EE3746 /* Frameworks */ = {
			isa = PBXFrameworksBuildPhase;
			buildActionMask = 2147483647;
			files = (
				A5802072DA39138F995B7645 /* Ciao in Frameworks */,
			);
			runOnlyForDeploymentPostprocessing = 0;
		};
		F7D657EDA1F10D8F870505B6 /* Frameworks */ = {
			isa = PBXFrameworksBuildPhase;
			buildActionMask = 2147483647;
			files = (
				8A99CE506BAB1BCB48BCDC22 /* Ciao in Frameworks */,
			);
			runOnlyForDeploymentPostprocessing = 0;
		};
/* End PBXFrameworksBuildPhase section */

/* Begin PBXGroup section */
		57F60FF7512B2AE2F14495A7 = {
			isa = PBXGroup;
			children = (
				A732BCF442BAD6F77B6A7925 /* CiaoSample */,
				8F467DC294F8897695BC5DA7 /* Packages */,
				C7C7E00C3F724DA0FDCC564E /* Products */,
			);
			sourceTree = "<group>";
		};
		8F467DC294F8897695BC5DA7 /* Packages */ = {
			isa = PBXGroup;
			children = (
				FE25C7C3E23123CEEF18BD59 /* Ciao */,
			);
			name = Packages;
			sourceTree = "<group>";
		};
		A732BCF442BAD6F77B6A7925 /* CiaoSample */ = {
			isa = PBXGroup;
			children = (
				7CF02D68008443F18278BC6A /* CiaoSampleApp.swift */,
				F398C5428744E1003D0553E9 /* ContentView.swift */,
				6888FBB1B3680E871CF18E01 /* SampleModel.swift */,
			);
			path = CiaoSample;
			sourceTree = "<group>";
		};
		C7C7E00C3F724DA0FDCC564E /* Products */ = {
			isa = PBXGroup;
			children = (
				E1BF27A3F1DF4CFF32D3A1A6 /* CiaoSample_iOS.app */,
				1CB6A11A94F1C989571AD73F /* CiaoSample_macOS.app */,
			);
			name = Products;
			sourceTree = "<group>";
		};
/* End PBXGroup section */

/* Begin PBXNativeTarget section */
		0A4F907385178253CABB8CE2 /* CiaoSample_macOS */ = {
			isa = PBXNativeTarget;
			buildConfigurationList = 31E8B9F04372BDBEB9D224DD /* Build configuration list for PBXNativeTarget "CiaoSample_macOS" */;
			buildPhases = (
				79277C8ECD87AAD83962D5F6 /* Sources */,
				3B0A9EA3EBFB4968B8EE3746 /* Frameworks */,
			);
			buildRules = (
			);
			dependencies = (
			);
			name = CiaoSample_macOS;
			packageProductDependencies = (
				4F4451073C93847BAE04C593 /* Ciao */,
			);
			productName = CiaoSample_macOS;
			productReference = 1CB6A11A94F1C989571AD73F /* CiaoSample_macOS.app */;
			productType = "com.apple.product-type.application";
		};
		C78AAAAE5CE66B1F99AB8F1F /* CiaoSample_iOS */ = {
			isa = PBXNativeTarget;
			buildConfigurationList = 8DBB82BC8129B16C8C505D98 /* Build configuration list for PBXNativeTarget "CiaoSample_iOS" */;
			buildPhases = (
				7BD56E9D2C329D8AC93D2A64 /* Sources */,
				F7D657EDA1F10D8F870505B6 /* Frameworks */,
			);
			buildRules = (
			);
			dependencies = (
			);
			name = CiaoSample_iOS;
			packageProductDependencies = (
				76034D3BEF6804065774E9C1 /* Ciao */,
			);
			productName = CiaoSample_iOS;
			productReference = E1BF27A3F1DF4CFF32D3A1A6 /* CiaoSample_iOS.app */;
			productType = "com.apple.product-type.application";
		};
/* End PBXNativeTarget section */

/* Begin PBXProject section */
		1412BBD9B6BAF7F37F688662 /* Project object */ = {
			isa = PBXProject;
			attributes = {
				BuildIndependentTargetsInParallel = YES;
				LastUpgradeCheck = 1430;
				TargetAttributes = {
					0A4F907385178253CABB8CE2 = {
						ProvisioningStyle = Automatic;
					};
					C78AAAAE5CE66B1F99AB8F1F = {
						ProvisioningStyle = Automatic;
					};
				};
			};
			buildConfigurationList = 0B36F4162E9FD0F5C254A8B4 /* Build configuration list for PBXProject "CiaoSample" */;
			compatibilityVersion = "Xcode 14.0";
			developmentRegion = en;
			hasScannedForEncodings = 0;
			knownRegions = (
				Base,
				en,
			);
			mainGroup = 57F60FF7512B2AE2F14495A7;
			packageReferences = (
				3CB26F32C6E660F2ADA74B7A /* XCLocalSwiftPackageReference ".." */,
			);
			projectDirPath = "";
			projectRoot = "";
			targets = (
				C78AAAAE5CE66B1F99AB8F1F /* CiaoSample_iOS */,
				0A4F907385178253CABB8CE2 /* CiaoSample_macOS */,
			);
		};
/* End PBXProject section */

/* Begin PBXSourcesBuildPhase section */
		79277C8ECD87AAD83962D5F6 /* Sources */ = {
			isa = PBXSourcesBuildPhase;
			buildActionMask = 2147483647;
			files = (
				1441D16527D969985044315E /* CiaoSampleApp.swift in Sources */,
				69266112834C15A549F2FB51 /* ContentView.swift in Sources */,
				5ECBC7EB08AC10A515215A22 /* SampleModel.swift in Sources */,
			);
			runOnlyForDeploymentPostprocessing = 0;
		};
		7BD56E9D2C329D8AC93D2A64 /* Sources */ = {
			isa = PBXSourcesBuildPhase;
			buildActionMask = 2147483647;
			files = (
				A004D4C83086E21E9A594C59 /* CiaoSampleApp.swift in Sources */,
				DCDDC3EE7434A13FA1E245E7 /* ContentView.swift in Sources */,
				BBD822F0FA4147076F91FB80 /* SampleModel.swift in Sources */,
			);
			runOnlyForDeploymentPostprocessing = 0;
		};
/* End PBXSourcesBuildPhase section */

/* Begin XCBuildConfiguration section */
		0FF2380AA86E51E9F4DB71D9 /* Release */ = {
			isa = XCBuildConfiguration;
			buildSettings = {
				ASSETCATALOG_COMPILER_APPICON_NAME = AppIcon;
				CODE_SIGN_ENTITLEMENTS = CiaoSample.entitlements;
				COMBINE_HIDPI_IMAGES = YES;
				ENABLE_APP_SANDBOX = YES;
				INFOPLIST_FILE = "macOS-Info.plist";
				LD_RUNPATH_SEARCH_PATHS = (
					"$(inherited)",
					"@executable_path/../Frameworks",
				);
				PRODUCT_BUNDLE_IDENTIFIER = com.altavares.ciao.sample.macos;
				SDKROOT = macosx;
			};
			name = Release;
		};
		51A373B49E2639BD06A65F28 /* Release */ = {
			isa = XCBuildConfiguration;
			buildSettings = {
				ALWAYS_SEARCH_USER_PATHS = NO;
				CLANG_ANALYZER_NONNULL = YES;
				CLANG_ANALYZER_NUMBER_OBJECT_CONVERSION = YES_AGGRESSIVE;
				CLANG_CXX_LANGUAGE_STANDARD = "gnu++14";
				CLANG_CXX_LIBRARY = "libc++";
				CLANG_ENABLE_MODULES = YES;
				CLANG_ENABLE_OBJC_ARC = YES;
				CLANG_ENABLE_OBJC_WEAK = YES;
				CLANG_WARN_BLOCK_CAPTURE_AUTORELEASING = YES;
				CLANG_WARN_BOOL_CONVERSION = YES;
				CLANG_WARN_COMMA = YES;
				CLANG_WARN_CONSTANT_CONVERSION = YES;
				CLANG_WARN_DEPRECATED_OBJC_IMPLEMENTATIONS = YES;
				CLANG_WARN_DIRECT_OBJC_ISA_USAGE = YES_ERROR;
				CLANG_WARN_DOCUMENTATION_COMMENTS = YES;
				CLANG_WARN_EMPTY_BODY = YES;
				CLANG_WARN_ENUM_CONVERSION = YES;
				CLANG_WARN_INFINITE_RECURSION = YES;
				CLANG_WARN_INT_CONVERSION = YES;
				CLANG_WARN_NON_LITERAL_NULL_CONVERSION = YES;
				CLANG_WARN_OBJC_IMPLICIT_RETAIN_SELF = YES;
				CLANG_WARN_OBJC_LITERAL_CONVERSION = YES;
				CLANG_WARN_OBJC_ROOT_CLASS = YES_ERROR;
				CLANG_WARN_QUOTED_INCLUDE_IN_FRAMEWORK_HEADER = YES;
				CLANG_WARN_RANGE_LOOP_ANALYSIS = YES;
				CLANG_WARN_STRICT_PROTOTYPES = YES;
				CLANG_WARN_SUSPICIOUS_MOVE = YES;
				CLANG_WARN_UNGUARDED_AVAILABILITY = YES_AGGRESSIVE;
				CLANG_WARN_UNREACHABLE_CODE = YES;
				CLANG_WARN__DUPLICATE_METHOD_MATCH = YES;
				CODE_SIGN_STYLE = Automatic;
				COPY_PHASE_STRIP = NO;
				DEBUG_INFORMATION_FORMAT = "dwarf-with-dsym";
				ENABLE_NS_ASSERTIONS = NO;
				ENABLE_STRICT_OBJC_MSGSEND = YES;
				GCC_C_LANGUAGE_STANDARD = gnu11;
				GCC_NO_COMMON_BLOCKS = YES;
				GCC_WARN_64_TO_32_BIT_CONVERSION = YES;
				GCC_WARN_ABOUT_RETURN_TYPE = YES_ERROR;
				GCC_WARN_UNDECLARED_SELECTOR = YES;
				GCC_WARN_UNINITIALIZED_AUTOS = YES_AGGRESSIVE;
				GCC_WARN_UNUSED_FUNCTION = YES;
				GCC_WARN_UNUSED_VARIABLE = YES;
				IPHONEOS_DEPLOYMENT_TARGET = 18.0;
				MACOSX_DEPLOYMENT_TARGET = 15.0;
				MTL_ENABLE_DEBUG_INFO = NO;
				MTL_FAST_MATH = YES;
				PRODUCT_NAME = "$(TARGET_NAME)";
				SWIFT_COMPILATION_MODE = wholemodule;
				SWIFT_OPTIMIZATION_LEVEL = "-O";
				SWIFT_STRICT_CONCURRENCY = complete;
				SWIFT_VERSION = 6.0;
			};
			name = Release;
		};
		63116395C7FD93E2D615219D /* Debug */ = {
			isa = XCBuildConfiguration;
			buildSettings = {
				ASSETCATALOG_COMPILER_APPICON_NAME = AppIcon;
				CODE_SIGN_ENTITLEMENTS = CiaoSample.entitlements;
				COMBINE_HIDPI_IMAGES = YES;
				ENABLE_APP_SANDBOX = YES;
				INFOPLIST_FILE = "macOS-Info.plist";
				LD_RUNPATH_SEARCH_PATHS = (
					"$(inherited)",
					"@executable_path/../Frameworks",
				);
				PRODUCT_BUNDLE_IDENTIFIER = com.altavares.ciao.sample.macos;
				SDKROOT = macosx;
			};
			name = Debug;
		};
		63C9D4E8EED2CED6726F120A /* Debug */ = {
			isa = XCBuildConfiguration;
			buildSettings = {
				ALWAYS_SEARCH_USER_PATHS = NO;
				CLANG_ANALYZER_NONNULL = YES;
				CLANG_ANALYZER_NUMBER_OBJECT_CONVERSION = YES_AGGRESSIVE;
				CLANG_CXX_LANGUAGE_STANDARD = "gnu++14";
				CLANG_CXX_LIBRARY = "libc++";
				CLANG_ENABLE_MODULES = YES;
				CLANG_ENABLE_OBJC_ARC = YES;
				CLANG_ENABLE_OBJC_WEAK = YES;
				CLANG_WARN_BLOCK_CAPTURE_AUTORELEASING = YES;
				CLANG_WARN_BOOL_CONVERSION = YES;
				CLANG_WARN_COMMA = YES;
				CLANG_WARN_CONSTANT_CONVERSION = YES;
				CLANG_WARN_DEPRECATED_OBJC_IMPLEMENTATIONS = YES;
				CLANG_WARN_DIRECT_OBJC_ISA_USAGE = YES_ERROR;
				CLANG_WARN_DOCUMENTATION_COMMENTS = YES;
				CLANG_WARN_EMPTY_BODY = YES;
				CLANG_WARN_ENUM_CONVERSION = YES;
				CLANG_WARN_INFINITE_RECURSION = YES;
				CLANG_WARN_INT_CONVERSION = YES;
				CLANG_WARN_NON_LITERAL_NULL_CONVERSION = YES;
				CLANG_WARN_OBJC_IMPLICIT_RETAIN_SELF = YES;
				CLANG_WARN_OBJC_LITERAL_CONVERSION = YES;
				CLANG_WARN_OBJC_ROOT_CLASS = YES_ERROR;
				CLANG_WARN_QUOTED_INCLUDE_IN_FRAMEWORK_HEADER = YES;
				CLANG_WARN_RANGE_LOOP_ANALYSIS = YES;
				CLANG_WARN_STRICT_PROTOTYPES = YES;
				CLANG_WARN_SUSPICIOUS_MOVE = YES;
				CLANG_WARN_UNGUARDED_AVAILABILITY = YES_AGGRESSIVE;
				CLANG_WARN_UNREACHABLE_CODE = YES;
				CLANG_WARN__DUPLICATE_METHOD_MATCH = YES;
				CODE_SIGN_STYLE = Automatic;
				COPY_PHASE_STRIP = NO;
				DEBUG_INFORMATION_FORMAT = dwarf;
				ENABLE_STRICT_OBJC_MSGSEND = YES;
				ENABLE_TESTABILITY = YES;
				GCC_C_LANGUAGE_STANDARD = gnu11;
				GCC_DYNAMIC_NO_PIC = NO;
				GCC_NO_COMMON_BLOCKS = YES;
				GCC_OPTIMIZATION_LEVEL = 0;
				GCC_PREPROCESSOR_DEFINITIONS = (
					"$(inherited)",
					"DEBUG=1",
				);
				GCC_WARN_64_TO_32_BIT_CONVERSION = YES;
				GCC_WARN_ABOUT_RETURN_TYPE = YES_ERROR;
				GCC_WARN_UNDECLARED_SELECTOR = YES;
				GCC_WARN_UNINITIALIZED_AUTOS = YES_AGGRESSIVE;
				GCC_WARN_UNUSED_FUNCTION = YES;
				GCC_WARN_UNUSED_VARIABLE = YES;
				IPHONEOS_DEPLOYMENT_TARGET = 18.0;
				MACOSX_DEPLOYMENT_TARGET = 15.0;
				MTL_ENABLE_DEBUG_INFO = INCLUDE_SOURCE;
				MTL_FAST_MATH = YES;
				ONLY_ACTIVE_ARCH = YES;
				PRODUCT_NAME = "$(TARGET_NAME)";
				SWIFT_ACTIVE_COMPILATION_CONDITIONS = DEBUG;
				SWIFT_OPTIMIZATION_LEVEL = "-Onone";
				SWIFT_STRICT_CONCURRENCY = complete;
				SWIFT_VERSION = 6.0;
			};
			name = Debug;
		};
		649E0C6AD5F478573376021F /* Release */ = {
			isa = XCBuildConfiguration;
			buildSettings = {
				ASSETCATALOG_COMPILER_APPICON_NAME = AppIcon;
				CODE_SIGN_IDENTITY = "iPhone Developer";
				INFOPLIST_FILE = "iOS-Info.plist";
				LD_RUNPATH_SEARCH_PATHS = (
					"$(inherited)",
					"@executable_path/Frameworks",
				);
				PRODUCT_BUNDLE_IDENTIFIER = com.altavares.ciao.sample.ios;
				SDKROOT = iphoneos;
				TARGETED_DEVICE_FAMILY = "1,2";
			};
			name = Release;
		};
		7CD4F9C40D388603D2AA902A /* Debug */ = {
			isa = XCBuildConfiguration;
			buildSettings = {
				ASSETCATALOG_COMPILER_APPICON_NAME = AppIcon;
				CODE_SIGN_IDENTITY = "iPhone Developer";
				INFOPLIST_FILE = "iOS-Info.plist";
				LD_RUNPATH_SEARCH_PATHS = (
					"$(inherited)",
					"@executable_path/Frameworks",
				);
				PRODUCT_BUNDLE_IDENTIFIER = com.altavares.ciao.sample.ios;
				SDKROOT = iphoneos;
				TARGETED_DEVICE_FAMILY = "1,2";
			};
			name = Debug;
		};
/* End XCBuildConfiguration section */

/* Begin XCConfigurationList section */
		0B36F4162E9FD0F5C254A8B4 /* Build configuration list for PBXProject "CiaoSample" */ = {
			isa = XCConfigurationList;
			buildConfigurations = (
				63C9D4E8EED2CED6726F120A /* Debug */,
				51A373B49E2639BD06A65F28 /* Release */,
			);
			defaultConfigurationIsVisible = 0;
			defaultConfigurationName = Debug;
		};
		31E8B9F04372BDBEB9D224DD /* Build configuration list for PBXNativeTarget "CiaoSample_macOS" */ = {
			isa = XCConfigurationList;
			buildConfigurations = (
				63116395C7FD93E2D615219D /* Debug */,
				0FF2380AA86E51E9F4DB71D9 /* Release */,
			);
			defaultConfigurationIsVisible = 0;
			defaultConfigurationName = Debug;
		};
		8DBB82BC8129B16C8C505D98 /* Build configuration list for PBXNativeTarget "CiaoSample_iOS" */ = {
			isa = XCConfigurationList;
			buildConfigurations = (
				7CD4F9C40D388603D2AA902A /* Debug */,
				649E0C6AD5F478573376021F /* Release */,
			);
			defaultConfigurationIsVisible = 0;
			defaultConfigurationName = Debug;
		};
/* End XCConfigurationList section */

/* Begin XCLocalSwiftPackageReference section */
		3CB26F32C6E660F2ADA74B7A /* XCLocalSwiftPackageReference ".." */ = {
			isa = XCLocalSwiftPackageReference;
			relativePath = ..;
		};
/* End XCLocalSwiftPackageReference section */

/* Begin XCSwiftPackageProductDependency section */
		4F4451073C93847BAE04C593 /* Ciao */ = {
			isa = XCSwiftPackageProductDependency;
			productName = Ciao;
		};
		76034D3BEF6804065774E9C1 /* Ciao */ = {
			isa = XCSwiftPackageProductDependency;
			productName = Ciao;
		};
/* End XCSwiftPackageProductDependency section */
	};
	rootObject = 1412BBD9B6BAF7F37F688662 /* Project object */;
}
